
Microsoft Visual Studio Solution File, Format Version 12.00
# Visual Studio Version 17
VisualStudioVersion = 17.3.32901.215
MinimumVisualStudioVersion = 10.0.40219.1
Project("{FAE04EC0-301F-11D3-BF4B-00C04F79EFBC}") = "Поисковик файлов", "Поисковик файлов.csproj", "{ABE66180-AC5B-4310-ADCD-8DF7D581B392}"
EndProject
Global
	GlobalSection(SolutionConfigurationPlatforms) = preSolution
		Debug|Any CPU = Debug|Any CPU
		Release|Any CPU = Release|Any CPU
	EndGlobalSection
	GlobalSection(ProjectConfigurationPlatforms) = postSolution
		{ABE66180-AC5B-4310-ADCD-8DF7D581B392}.Debug|Any CPU.ActiveCfg = Debug|Any CPU
		{ABE66180-AC5B-4310-ADCD-8DF7D581B392}.Debug|Any CPU.Build.0 = Debug|Any CPU
		{ABE66180-AC5B-4310-ADCD-8DF7D581B392}.Release|Any CPU.ActiveCfg = Release|Any CPU
		{ABE66180-AC5B-4310-ADCD-8DF7D581B392}.Release|Any CPU.Build.0 = Release|Any CPU
	EndGlobalSection
	GlobalSection(SolutionProperties) = preSolution
		HideSolutionNode = FALSE
	EndGlobalSection
	GlobalSection(ExtensibilityGlobals) = postSolution
		SolutionGuid = {66D71173-D951-45EB-9B76-7434B4C38D09}
	EndGlobalSection
EndGlobal
